
Microsoft Visual Studio Solution File, Format Version 12.00
# Visual Studio Version 17
VisualStudioVersion = 17.9.34622.214
MinimumVisualStudioVersion = 10.0.40219.1
Project("{FAE04EC0-301F-11D3-BF4B-00C04F79EFBC}") = "handler.exploration", "handler.exploration\handler.exploration.csproj", "{AD7CDBCC-0EE5-4AF1-B4AE-62CED9A2AF4A}"
EndProject
Global
	GlobalSection(SolutionConfigurationPlatforms) = preSolution
		Debug|Any CPU = Debug|Any CPU
		Release|Any CPU = Release|Any CPU
	EndGlobalSection
	GlobalSection(ProjectConfigurationPlatforms) = postSolution
		{AD7CDBCC-0EE5-4AF1-B4AE-62CED9A2AF4A}.Debug|Any CPU.ActiveCfg = Debug|Any CPU
		{AD7CDBCC-0EE5-4AF1-B4AE-62CED9A2AF4A}.Debug|Any CPU.Build.0 = Debug|Any CPU
		{AD7CDBCC-0EE5-4AF1-B4AE-62CED9A2AF4A}.Debug|Any CPU.Deploy.0 = Debug|Any CPU
		{AD7CDBCC-0EE5-4AF1-B4AE-62CED9A2AF4A}.Release|Any CPU.ActiveCfg = Release|Any CPU
		{AD7CDBCC-0EE5-4AF1-B4AE-62CED9A2AF4A}.Release|Any CPU.Build.0 = Release|Any CPU
		{AD7CDBCC-0EE5-4AF1-B4AE-62CED9A2AF4A}.Release|Any CPU.Deploy.0 = Release|Any CPU
	EndGlobalSection
	GlobalSection(SolutionProperties) = preSolution
		HideSolutionNode = FALSE
	EndGlobalSection
	GlobalSection(ExtensibilityGlobals) = postSolution
		SolutionGuid = {B18EF32F-0232-4713-B677-88867A43EC25}
	EndGlobalSection
EndGlobal
